
Microsoft Visual Studio Solution File, Format Version 12.00
# Visual Studio 15
VisualStudioVersion = 15.0.28307.1340
MinimumVisualStudioVersion = 10.0.40219.1
Project("{8BC9CEB8-8B4A-11D0-8D11-00A0C91BC942}") = "ConsoleApplication1", "ConsoleApplication1\ConsoleApplication1.vcxproj", "{7CA8CBEF-3173-4291-8CEA-9A77BE1E70E5}"
EndProject
Global
	GlobalSection(SolutionConfigurationPlatforms) = preSolution
		Debug|x64 = Debug|x64
		Debug|x86 = Debug|x86
		Release|x64 = Release|x64
		Release|x86 = Release|x86
	EndGlobalSection
	GlobalSection(ProjectConfigurationPlatforms) = postSolution
		{7CA8CBEF-3173-4291-8CEA-9A77BE1E70E5}.Debug|x64.ActiveCfg = Debug|x64
		{7CA8CBEF-3173-4291-8CEA-9A77BE1E70E5}.Debug|x64.Build.0 = Debug|x64
		{7CA8CBEF-3173-4291-8CEA-9A77BE1E70E5}.Debug|x86.ActiveCfg = Debug|Win32
		{7CA8CBEF-3173-4291-8CEA-9A77BE1E70E5}.Debug|x86.Build.0 = Debug|Win32
		{7CA8CBEF-3173-4291-8CEA-9A77BE1E70E5}.Release|x64.ActiveCfg = Release|x64
		{7CA8CBEF-3173-4291-8CEA-9A77BE1E70E5}.Release|x64.Build.0 = Release|x64
		{7CA8CBEF-3173-4291-8CEA-9A77BE1E70E5}.Release|x86.ActiveCfg = Release|Win32
		{7CA8CBEF-3173-4291-8CEA-9A77BE1E70E5}.Release|x86.Build.0 = Release|Win32
	EndGlobalSection
	GlobalSection(SolutionProperties) = preSolution
		HideSolutionNode = FALSE
	EndGlobalSection
	GlobalSection(ExtensibilityGlobals) = postSolution
		SolutionGuid = {8CFF16F1-B4DE-4D36-A528-2546A2920A86}
	EndGlobalSection
EndGlobal
